
Microsoft Visual Studio Solution File, Format Version 12.00
# Visual Studio Version 16
VisualStudioVersion = 16.0.29613.14
MinimumVisualStudioVersion = 10.0.40219.1
Project("{FAE04EC0-301F-11D3-BF4B-00C04F79EFBC}") = "InterfaceContextConstraints.ConsoleClient", "InterfaceContextConstraints.ConsoleClient\InterfaceContextConstraints.ConsoleClient.csproj", "{2AB0C8BA-FF6D-4931-93CF-AE59B8182BF3}"
EndProject
Global
	GlobalSection(SolutionConfigurationPlatforms) = preSolution
		Debug|Any CPU = Debug|Any CPU
		Release|Any CPU = Release|Any CPU
	EndGlobalSection
	GlobalSection(ProjectConfigurationPlatforms) = postSolution
		{2AB0C8BA-FF6D-4931-93CF-AE59B8182BF3}.Debug|Any CPU.ActiveCfg = Debug|Any CPU
		{2AB0C8BA-FF6D-4931-93CF-AE59B8182BF3}.Debug|Any CPU.Build.0 = Debug|Any CPU
		{2AB0C8BA-FF6D-4931-93CF-AE59B8182BF3}.Release|Any CPU.ActiveCfg = Release|Any CPU
		{2AB0C8BA-FF6D-4931-93CF-AE59B8182BF3}.Release|Any CPU.Build.0 = Release|Any CPU
	EndGlobalSection
	GlobalSection(SolutionProperties) = preSolution
		HideSolutionNode = FALSE
	EndGlobalSection
	GlobalSection(ExtensibilityGlobals) = postSolution
		SolutionGuid = {728F58F3-89FC-4EA7-9C4A-F8C377CB9BB2}
	EndGlobalSection
EndGlobal
